
Microsoft Visual Studio Solution File, Format Version 12.00
# Visual Studio Version 17
VisualStudioVersion = 17.4.33103.184
MinimumVisualStudioVersion = 10.0.40219.1
Project("{9A19103F-16F7-4668-BE54-9A1E7A4F7556}") = "BlazorApp1.Server", "BlazorApp1\Server\BlazorApp1.Server.csproj", "{49399F3C-91A2-4B39-AC9A-5AB49F3ABA67}"
EndProject
Project("{9A19103F-16F7-4668-BE54-9A1E7A4F7556}") = "BlazorApp1.Client", "BlazorApp1\Client\BlazorApp1.Client.csproj", "{08ABA4BD-B1F2-4AB3-8A78-1E2716B69F19}"
EndProject
Project("{9A19103F-16F7-4668-BE54-9A1E7A4F7556}") = "BlazorApp1.Shared", "BlazorApp1\Shared\BlazorApp1.Shared.csproj", "{9A710036-E0A5-4168-868C-9FAF1E1769B3}"
EndProject
Global
	GlobalSection(SolutionConfigurationPlatforms) = preSolution
		Debug|Any CPU = Debug|Any CPU
		Release|Any CPU = Release|Any CPU
	EndGlobalSection
	GlobalSection(ProjectConfigurationPlatforms) = postSolution
		{49399F3C-91A2-4B39-AC9A-5AB49F3ABA67}.Debug|Any CPU.ActiveCfg = Debug|Any CPU
		{49399F3C-91A2-4B39-AC9A-5AB49F3ABA67}.Debug|Any CPU.Build.0 = Debug|Any CPU
		{49399F3C-91A2-4B39-AC9A-5AB49F3ABA67}.Release|Any CPU.ActiveCfg = Release|Any CPU
		{49399F3C-91A2-4B39-AC9A-5AB49F3ABA67}.Release|Any CPU.Build.0 = Release|Any CPU
		{08ABA4BD-B1F2-4AB3-8A78-1E2716B69F19}.Debug|Any CPU.ActiveCfg = Debug|Any CPU
		{08ABA4BD-B1F2-4AB3-8A78-1E2716B69F19}.Debug|Any CPU.Build.0 = Debug|Any CPU
		{08ABA4BD-B1F2-4AB3-8A78-1E2716B69F19}.Release|Any CPU.ActiveCfg = Release|Any CPU
		{08ABA4BD-B1F2-4AB3-8A78-1E2716B69F19}.Release|Any CPU.Build.0 = Release|Any CPU
		{9A710036-E0A5-4168-868C-9FAF1E1769B3}.Debug|Any CPU.ActiveCfg = Debug|Any CPU
		{9A710036-E0A5-4168-868C-9FAF1E1769B3}.Debug|Any CPU.Build.0 = Debug|Any CPU
		{9A710036-E0A5-4168-868C-9FAF1E1769B3}.Release|Any CPU.ActiveCfg = Release|Any CPU
		{9A710036-E0A5-4168-868C-9FAF1E1769B3}.Release|Any CPU.Build.0 = Release|Any CPU
	EndGlobalSection
	GlobalSection(SolutionProperties) = preSolution
		HideSolutionNode = FALSE
	EndGlobalSection
	GlobalSection(ExtensibilityGlobals) = postSolution
		SolutionGuid = {C7BB23AA-9577-4F22-8484-FD9330C9114E}
	EndGlobalSection
EndGlobal
